
Microsoft Visual Studio Solution File, Format Version 12.00
# Visual Studio Version 17
VisualStudioVersion = 17.10.35027.167
MinimumVisualStudioVersion = 10.0.40219.1
Project("{FAE04EC0-301F-11D3-BF4B-00C04F79EFBC}") = "Klienci_i_Kontrahenci Wersja Rozszerzona", "Klienci_i_Kontrahenci Wersja Rozszerzona.csproj", "{EB27AB82-5C8E-4E4F-85CE-64451FF6B543}"
EndProject
Global
	GlobalSection(SolutionConfigurationPlatforms) = preSolution
		Debug|Any CPU = Debug|Any CPU
		Release|Any CPU = Release|Any CPU
	EndGlobalSection
	GlobalSection(ProjectConfigurationPlatforms) = postSolution
		{EB27AB82-5C8E-4E4F-85CE-64451FF6B543}.Debug|Any CPU.ActiveCfg = Debug|Any CPU
		{EB27AB82-5C8E-4E4F-85CE-64451FF6B543}.Debug|Any CPU.Build.0 = Debug|Any CPU
		{EB27AB82-5C8E-4E4F-85CE-64451FF6B543}.Release|Any CPU.ActiveCfg = Release|Any CPU
		{EB27AB82-5C8E-4E4F-85CE-64451FF6B543}.Release|Any CPU.Build.0 = Release|Any CPU
	EndGlobalSection
	GlobalSection(SolutionProperties) = preSolution
		HideSolutionNode = FALSE
	EndGlobalSection
	GlobalSection(ExtensibilityGlobals) = postSolution
		SolutionGuid = {3FC77537-B2BC-49BC-9793-6EA7052D1F8B}
	EndGlobalSection
EndGlobal
